
Microsoft Visual Studio Solution File, Format Version 12.00
# Visual Studio Version 16
VisualStudioVersion = 16.0.30309.148
MinimumVisualStudioVersion = 10.0.40219.1
Project("{FAE04EC0-301F-11D3-BF4B-00C04F79EFBC}") = "Binary Simple", "Binary Simple.csproj", "{055FB94A-0346-4FF8-BD64-ED9CECAC1793}"
EndProject
Global
	GlobalSection(SolutionConfigurationPlatforms) = preSolution
		Debug|Any CPU = Debug|Any CPU
		Release|Any CPU = Release|Any CPU
	EndGlobalSection
	GlobalSection(ProjectConfigurationPlatforms) = postSolution
		{055FB94A-0346-4FF8-BD64-ED9CECAC1793}.Debug|Any CPU.ActiveCfg = Debug|Any CPU
		{055FB94A-0346-4FF8-BD64-ED9CECAC1793}.Debug|Any CPU.Build.0 = Debug|Any CPU
		{055FB94A-0346-4FF8-BD64-ED9CECAC1793}.Release|Any CPU.ActiveCfg = Release|Any CPU
		{055FB94A-0346-4FF8-BD64-ED9CECAC1793}.Release|Any CPU.Build.0 = Release|Any CPU
	EndGlobalSection
	GlobalSection(SolutionProperties) = preSolution
		HideSolutionNode = FALSE
	EndGlobalSection
	GlobalSection(ExtensibilityGlobals) = postSolution
		SolutionGuid = {E833CDA7-F48E-4A0E-9D61-95E5DA5CF810}
	EndGlobalSection
EndGlobal
